
Microsoft Visual Studio Solution File, Format Version 12.00
# Visual Studio 15
VisualStudioVersion = 15.0.27004.2009
MinimumVisualStudioVersion = 10.0.40219.1
Project("{9A19103F-16F7-4668-BE54-9A1E7A4F7556}") = "Functions", "Functions\Functions.csproj", "{2E1E86BE-9B7D-4463-9BC3-24DDD497C45F}"
EndProject
Project("{9A19103F-16F7-4668-BE54-9A1E7A4F7556}") = "CallJson", "CallJson\CallJson.csproj", "{845AE7BD-7068-4CA3-9CC1-CBF6B147BD5C}"
EndProject
Project("{FAE04EC0-301F-11D3-BF4B-00C04F79EFBC}") = "FunctionTest", "FunctionUnitTest\FunctionTest.csproj", "{3B9B105D-9E5A-4D0A-AC6F-D9184BFC998A}"
EndProject
Project("{2150E333-8FDC-42A3-9474-1A3956D46DE8}") = "Solution Items", "Solution Items", "{D9CA0646-5AF5-4BFE-BF53-8DE8C1935F23}"
	ProjectSection(SolutionItems) = preProject
		AGL.jpg = AGL.jpg
		Contact.txt = Contact.txt
		Readme.txt = Readme.txt
	EndProjectSection
EndProject
Global
	GlobalSection(SolutionConfigurationPlatforms) = preSolution
		Debug|Any CPU = Debug|Any CPU
		Release|Any CPU = Release|Any CPU
	EndGlobalSection
	GlobalSection(ProjectConfigurationPlatforms) = postSolution
		{2E1E86BE-9B7D-4463-9BC3-24DDD497C45F}.Debug|Any CPU.ActiveCfg = Debug|Any CPU
		{2E1E86BE-9B7D-4463-9BC3-24DDD497C45F}.Debug|Any CPU.Build.0 = Debug|Any CPU
		{2E1E86BE-9B7D-4463-9BC3-24DDD497C45F}.Release|Any CPU.ActiveCfg = Release|Any CPU
		{2E1E86BE-9B7D-4463-9BC3-24DDD497C45F}.Release|Any CPU.Build.0 = Release|Any CPU
		{845AE7BD-7068-4CA3-9CC1-CBF6B147BD5C}.Debug|Any CPU.ActiveCfg = Debug|Any CPU
		{845AE7BD-7068-4CA3-9CC1-CBF6B147BD5C}.Debug|Any CPU.Build.0 = Debug|Any CPU
		{845AE7BD-7068-4CA3-9CC1-CBF6B147BD5C}.Release|Any CPU.ActiveCfg = Release|Any CPU
		{845AE7BD-7068-4CA3-9CC1-CBF6B147BD5C}.Release|Any CPU.Build.0 = Release|Any CPU
		{3B9B105D-9E5A-4D0A-AC6F-D9184BFC998A}.Debug|Any CPU.ActiveCfg = Debug|Any CPU
		{3B9B105D-9E5A-4D0A-AC6F-D9184BFC998A}.Debug|Any CPU.Build.0 = Debug|Any CPU
		{3B9B105D-9E5A-4D0A-AC6F-D9184BFC998A}.Release|Any CPU.ActiveCfg = Release|Any CPU
		{3B9B105D-9E5A-4D0A-AC6F-D9184BFC998A}.Release|Any CPU.Build.0 = Release|Any CPU
	EndGlobalSection
	GlobalSection(SolutionProperties) = preSolution
		HideSolutionNode = FALSE
	EndGlobalSection
	GlobalSection(ExtensibilityGlobals) = postSolution
		SolutionGuid = {D8411B3F-86EB-4DC4-A3E5-49B72F76251D}
	EndGlobalSection
EndGlobal
